
Microsoft Visual Studio Solution File, Format Version 12.00
# Visual Studio Version 17
VisualStudioVersion = 17.3.32922.545
MinimumVisualStudioVersion = 10.0.40219.1
Project("{9A19103F-16F7-4668-BE54-9A1E7A4F7556}") = "Project1", "Project1\Project1.csproj", "{A08518EA-3703-4E74-87F1-D523D1D98FF2}"
EndProject
Global
	GlobalSection(SolutionConfigurationPlatforms) = preSolution
		Debug|Any CPU = Debug|Any CPU
		Release|Any CPU = Release|Any CPU
	EndGlobalSection
	GlobalSection(ProjectConfigurationPlatforms) = postSolution
		{A08518EA-3703-4E74-87F1-D523D1D98FF2}.Debug|Any CPU.ActiveCfg = Debug|Any CPU
		{A08518EA-3703-4E74-87F1-D523D1D98FF2}.Debug|Any CPU.Build.0 = Debug|Any CPU
		{A08518EA-3703-4E74-87F1-D523D1D98FF2}.Release|Any CPU.ActiveCfg = Release|Any CPU
		{A08518EA-3703-4E74-87F1-D523D1D98FF2}.Release|Any CPU.Build.0 = Release|Any CPU
	EndGlobalSection
	GlobalSection(SolutionProperties) = preSolution
		HideSolutionNode = FALSE
	EndGlobalSection
	GlobalSection(ExtensibilityGlobals) = postSolution
		SolutionGuid = {F5B1F67D-BBEA-4EF6-BB45-F4E5822F8B21}
	EndGlobalSection
EndGlobal
